
Microsoft Visual Studio Solution File, Format Version 12.00
# Visual Studio 15
VisualStudioVersion = 15.0.26228.9
MinimumVisualStudioVersion = 10.0.40219.1
Project("{FAE04EC0-301F-11D3-BF4B-00C04F79EFBC}") = "AuthSO.Core", "AuthSO.Core\AuthSO.Core.csproj", "{C89925EB-D1A9-4842-BF83-3E6D58C8466B}"
EndProject
Project("{FAE04EC0-301F-11D3-BF4B-00C04F79EFBC}") = "AuthSO.Data", "AuthSO.Data\AuthSO.Data.csproj", "{49739A4D-19DF-45CB-8ED8-8B3C8669884B}"
EndProject
Project("{FAE04EC0-301F-11D3-BF4B-00C04F79EFBC}") = "AuthSO.API", "AuthSO.API\AuthSO.API.csproj", "{D51B4B92-C59F-4454-A3EE-9BB2EA61CBDA}"
EndProject
Global
	GlobalSection(SolutionConfigurationPlatforms) = preSolution
		Debug|Any CPU = Debug|Any CPU
		Release|Any CPU = Release|Any CPU
	EndGlobalSection
	GlobalSection(ProjectConfigurationPlatforms) = postSolution
		{C89925EB-D1A9-4842-BF83-3E6D58C8466B}.Debug|Any CPU.ActiveCfg = Debug|Any CPU
		{C89925EB-D1A9-4842-BF83-3E6D58C8466B}.Debug|Any CPU.Build.0 = Debug|Any CPU
		{C89925EB-D1A9-4842-BF83-3E6D58C8466B}.Release|Any CPU.ActiveCfg = Release|Any CPU
		{C89925EB-D1A9-4842-BF83-3E6D58C8466B}.Release|Any CPU.Build.0 = Release|Any CPU
		{49739A4D-19DF-45CB-8ED8-8B3C8669884B}.Debug|Any CPU.ActiveCfg = Debug|Any CPU
		{49739A4D-19DF-45CB-8ED8-8B3C8669884B}.Debug|Any CPU.Build.0 = Debug|Any CPU
		{49739A4D-19DF-45CB-8ED8-8B3C8669884B}.Release|Any CPU.ActiveCfg = Release|Any CPU
		{49739A4D-19DF-45CB-8ED8-8B3C8669884B}.Release|Any CPU.Build.0 = Release|Any CPU
		{D51B4B92-C59F-4454-A3EE-9BB2EA61CBDA}.Debug|Any CPU.ActiveCfg = Debug|Any CPU
		{D51B4B92-C59F-4454-A3EE-9BB2EA61CBDA}.Debug|Any CPU.Build.0 = Debug|Any CPU
		{D51B4B92-C59F-4454-A3EE-9BB2EA61CBDA}.Release|Any CPU.ActiveCfg = Release|Any CPU
		{D51B4B92-C59F-4454-A3EE-9BB2EA61CBDA}.Release|Any CPU.Build.0 = Release|Any CPU
	EndGlobalSection
	GlobalSection(SolutionProperties) = preSolution
		HideSolutionNode = FALSE
	EndGlobalSection
EndGlobal
